{
  "name": "svecial",
  "version": "0.0.8",
  "lockfileVersion": 1,
  "requires": true,
  "dependencies": {
    "svelte": {
      "version": "3.6.7",
      "resolved": "https://registry.npmjs.org/svelte/-/svelte-3.6.7.tgz",
      "integrity": "sha512-9HzhPxWNLi+ZBhxL3HJ8jwwu+u+XfHtVF3uEJ2m8/JOdnaTC9D2qiEwOncgI7z/pN+VumgKQtZoHtvYCW6fHqg=="
    }
  }
}
